
Microsoft Visual Studio Solution File, Format Version 12.00
# Visual Studio Version 17
VisualStudioVersion = 17.4.33213.308
MinimumVisualStudioVersion = 10.0.40219.1
Project("{FAE04EC0-301F-11D3-BF4B-00C04F79EFBC}") = "AplicacaoMvc-exemple", "AplicacaoMvc-exemple.csproj", "{78627937-E065-473C-9FB5-73CFBD47A407}"
EndProject
Global
	GlobalSection(SolutionConfigurationPlatforms) = preSolution
		Debug|Any CPU = Debug|Any CPU
		Release|Any CPU = Release|Any CPU
	EndGlobalSection
	GlobalSection(ProjectConfigurationPlatforms) = postSolution
		{78627937-E065-473C-9FB5-73CFBD47A407}.Debug|Any CPU.ActiveCfg = Debug|Any CPU
		{78627937-E065-473C-9FB5-73CFBD47A407}.Debug|Any CPU.Build.0 = Debug|Any CPU
		{78627937-E065-473C-9FB5-73CFBD47A407}.Release|Any CPU.ActiveCfg = Release|Any CPU
		{78627937-E065-473C-9FB5-73CFBD47A407}.Release|Any CPU.Build.0 = Release|Any CPU
	EndGlobalSection
	GlobalSection(SolutionProperties) = preSolution
		HideSolutionNode = FALSE
	EndGlobalSection
	GlobalSection(ExtensibilityGlobals) = postSolution
		SolutionGuid = {A5D0FA29-EED8-4181-997D-91CAD4B5341C}
	EndGlobalSection
EndGlobal
